
Microsoft Visual Studio Solution File, Format Version 12.00
# Visual Studio Version 17
VisualStudioVersion = 17.1.32228.430
MinimumVisualStudioVersion = 10.0.40219.1
Project("{FAE04EC0-301F-11D3-BF4B-00C04F79EFBC}") = "LevelEditor", "LevelEditor\LevelEditor.csproj", "{9BA6FCAE-92EA-47E0-9192-D9AA44D094F8}"
EndProject
Global
	GlobalSection(SolutionConfigurationPlatforms) = preSolution
		Debug|Any CPU = Debug|Any CPU
		Release|Any CPU = Release|Any CPU
	EndGlobalSection
	GlobalSection(ProjectConfigurationPlatforms) = postSolution
		{9BA6FCAE-92EA-47E0-9192-D9AA44D094F8}.Debug|Any CPU.ActiveCfg = Debug|Any CPU
		{9BA6FCAE-92EA-47E0-9192-D9AA44D094F8}.Debug|Any CPU.Build.0 = Debug|Any CPU
		{9BA6FCAE-92EA-47E0-9192-D9AA44D094F8}.Release|Any CPU.ActiveCfg = Release|Any CPU
		{9BA6FCAE-92EA-47E0-9192-D9AA44D094F8}.Release|Any CPU.Build.0 = Release|Any CPU
	EndGlobalSection
	GlobalSection(SolutionProperties) = preSolution
		HideSolutionNode = FALSE
	EndGlobalSection
	GlobalSection(ExtensibilityGlobals) = postSolution
		SolutionGuid = {F44D1D82-57CF-4103-97FE-757C54686BE3}
	EndGlobalSection
EndGlobal
